
Microsoft Visual Studio Solution File, Format Version 12.00
# Visual Studio 2013
VisualStudioVersion = 12.0.21005.1
MinimumVisualStudioVersion = 10.0.40219.1
Project("{FAE04EC0-301F-11D3-BF4B-00C04F79EFBC}") = "KinectToMidi", "KinectToMidi\KinectToMidi.csproj", "{D3B68B9D-6750-42E1-899D-31CE142E1E38}"
EndProject
Project("{FAE04EC0-301F-11D3-BF4B-00C04F79EFBC}") = "KinectToMidi.Models", "KinectToMidi.Models\KinectToMidi.Models.csproj", "{4D5B3902-9341-4E57-A955-6F52CF55E882}"
EndProject
Global
	GlobalSection(SolutionConfigurationPlatforms) = preSolution
		Debug|Any CPU = Debug|Any CPU
		Release|Any CPU = Release|Any CPU
	EndGlobalSection
	GlobalSection(ProjectConfigurationPlatforms) = postSolution
		{D3B68B9D-6750-42E1-899D-31CE142E1E38}.Debug|Any CPU.ActiveCfg = Debug|Any CPU
		{D3B68B9D-6750-42E1-899D-31CE142E1E38}.Debug|Any CPU.Build.0 = Debug|Any CPU
		{D3B68B9D-6750-42E1-899D-31CE142E1E38}.Release|Any CPU.ActiveCfg = Release|Any CPU
		{D3B68B9D-6750-42E1-899D-31CE142E1E38}.Release|Any CPU.Build.0 = Release|Any CPU
		{4D5B3902-9341-4E57-A955-6F52CF55E882}.Debug|Any CPU.ActiveCfg = Debug|Any CPU
		{4D5B3902-9341-4E57-A955-6F52CF55E882}.Debug|Any CPU.Build.0 = Debug|Any CPU
		{4D5B3902-9341-4E57-A955-6F52CF55E882}.Release|Any CPU.ActiveCfg = Release|Any CPU
		{4D5B3902-9341-4E57-A955-6F52CF55E882}.Release|Any CPU.Build.0 = Release|Any CPU
	EndGlobalSection
	GlobalSection(SolutionProperties) = preSolution
		HideSolutionNode = FALSE
	EndGlobalSection
EndGlobal
